// !$*UTF8*$!
{
	archiveVersion = 1;
	classes = {
	};
	objectVersion = 46;
	objects = {

/* Begin PBXBuildFile section */
		7E19B7F41FBA09E000BB319C /* main.m in Sources */ = {isa = PBXBuildFile; fileRef = 7E19B7F31FBA09E000BB319C /* main.m */; };
		7E19B7F71FBA09E000BB319C /* AppDelegate.m in Sources */ = {isa = PBXBuildFile; fileRef = 7E19B7F61FBA09E000BB319C /* AppDelegate.m */; };
		7E19B7FA1FBA09E000BB319C /* ViewController.m in Sources */ = {isa = PBXBuildFile; fileRef = 7E19B7F91FBA09E000BB319C /* ViewController.m */; };
		7E19B7FD1FBA09E000BB319C /* Main.storyboard in Resources */ = {isa = PBXBuildFile; fileRef = 7E19B7FB1FBA09E000BB319C /* Main.storyboard */; };
		7E19B7FF1FBA09E000BB319C /* Assets.xcassets in Resources */ = {isa = PBXBuildFile; fileRef = 7E19B7FE1FBA09E000BB319C /* Assets.xcassets */; };
		7E19B8021FBA09E000BB319C /* LaunchScreen.storyboard in Resources */ = {isa = PBXBuildFile; fileRef = 7E19B8001FBA09E000BB319C /* LaunchScreen.storyboard */; };
		7E19B80D1FBA09E000BB319C /* QXScrollTableViewTests.m in Sources */ = {isa = PBXBuildFile; fileRef = 7E19B80C1FBA09E000BB319C /* QXScrollTableViewTests.m */; };
		7E19B8181FBA09E000BB319C /* QXScrollTableViewUITests.m in Sources */ = {isa = PBXBuildFile; fileRef = 7E19B8171FBA09E000BB319C /* QXScrollTableViewUITests.m */; };
		7E19B8281FBA0DD200BB319C /* BaseTableViewCell.m in Sources */ = {isa = PBXBuildFile; fileRef = 7E19B8271FBA0DD200BB319C /* BaseTableViewCell.m */; };
		7E19B82B1FBA0E6100BB319C /* QXScrollView.m in Sources */ = {isa = PBXBuildFile; fileRef = 7E19B82A1FBA0E6100BB319C /* QXScrollView.m */; };
		7E19B82E1FBA0EC000BB319C /* QXScrollViewCell.m in Sources */ = {isa = PBXBuildFile; fileRef = 7E19B82D1FBA0EC000BB319C /* QXScrollViewCell.m */; };
		7E19B8301FBA0ECC00BB319C /* QXScrollViewCell.xib in Resources */ = {isa = PBXBuildFile; fileRef = 7E19B82F1FBA0ECC00BB319C /* QXScrollViewCell.xib */; };
		966A907EAA4F694E84F9C917 /* libPods-QXScrollTableView.a in Frameworks */ = {isa = PBXBuildFile; fileRef = 48F40C5F2DBA3311A2B9ACFB /* libPods-QXScrollTableView.a */; };
		C6E310111FC04A340099D910 /* TableHeaderView.xib in Resources */ = {isa = PBXBuildFile; fileRef = C6E310101FC04A340099D910 /* TableHeaderView.xib */; };
		C6E310141FC04A990099D910 /* TableHeaderView.m in Sources */ = {isa = PBXBuildFile; fileRef = C6E310131FC04A990099D910 /* TableHeaderView.m */; };
/* End PBXBuildFile section */

/* Begin PBXContainerItemProxy section */
		7E19B8091FBA09E000BB319C /* PBXContainerItemProxy */ = {
			isa = PBXContainerItemProxy;
			containerPortal = 7E19B7E71FBA09E000BB319C /* Project object */;
			proxyType = 1;
			remoteGlobalIDString = 7E19B7EE1FBA09E000BB319C;
			remoteInfo = QXScrollTableView;
		};
		7E19B8141FBA09E000BB319C /* PBXContainerItemProxy */ = {
			isa = PBXContainerItemProxy;
			containerPortal = 7E19B7E71FBA09E000BB319C /* Project object */;
			proxyType = 1;
			remoteGlobalIDString = 7E19B7EE1FBA09E000BB319C;
			remoteInfo = QXScrollTableView;
		};
/* End PBXContainerItemProxy section */

/* Begin PBXFileReference section */
		48F40C5F2DBA3311A2B9ACFB /* libPods-QXScrollTableView.a */ = {isa = PBXFileReference; explicitFileType = archive.ar; includeInIndex = 0; path = "libPods-QXScrollTableView.a"; sourceTree = BUILT_PRODUCTS_DIR; };
		71A2D129A4059FE9073675B6 /* Pods-QXScrollTableView.debug.xcconfig */ = {isa = PBXFileReference; includeInIndex = 1; lastKnownFileType = text.xcconfig; name = "Pods-QXScrollTableView.debug.xcconfig"; path = "Pods/Target Support Files/Pods-QXScrollTableView/Pods-QXScrollTableView.debug.xcconfig"; sourceTree = "<group>"; };
		7E19B7EF1FBA09E000BB319C /* QXScrollTableView.app */ = {isa = PBXFileReference; explicitFileType = wrapper.application; includeInIndex = 0; path = QXScrollTableView.app; sourceTree = BUILT_PRODUCTS_DIR; };
		7E19B7F31FBA09E000BB319C /* main.m */ = {isa = PBXFileReference; lastKnownFileType = sourcecode.c.objc; path = main.m; sourceTree = "<group>"; };
		7E19B7F51FBA09E000BB319C /* AppDelegate.h */ = {isa = PBXFileReference; lastKnownFileType = sourcecode.c.h; path = AppDelegate.h; sourceTree = "<group>"; };
		7E19B7F61FBA09E000BB319C /* AppDelegate.m */ = {isa = PBXFileReference; lastKnownFileType = sourcecode.c.objc; path = AppDelegate.m; sourceTree = "<group>"; };
		7E19B7F81FBA09E000BB319C /* ViewController.h */ = {isa = PBXFileReference; lastKnownFileType = sourcecode.c.h; path = ViewController.h; sourceTree = "<group>"; };
		7E19B7F91FBA09E000BB319C /* ViewController.m */ = {isa = PBXFileReference; lastKnownFileType = sourcecode.c.objc; path = ViewController.m; sourceTree = "<group>"; };
		7E19B7FC1FBA09E000BB319C /* Base */ = {isa = PBXFileReference; lastKnownFileType = file.storyboard; name = Base; path = Base.lproj/Main.storyboard; sourceTree = "<group>"; };
		7E19B7FE1FBA09E000BB319C /* Assets.xcassets */ = {isa = PBXFileReference; lastKnownFileType = folder.assetcatalog; path = Assets.xcassets; sourceTree = "<group>"; };
		7E19B8011FBA09E000BB319C /* Base */ = {isa = PBXFileReference; lastKnownFileType = file.storyboard; name = Base; path = Base.lproj/LaunchScreen.storyboard; sourceTree = "<group>"; };
		7E19B8031FBA09E000BB319C /* Info.plist */ = {isa = PBXFileReference; lastKnownFileType = text.plist.xml; path = Info.plist; sourceTree = "<group>"; };
		7E19B8081FBA09E000BB319C /* QXScrollTableViewTests.xctest */ = {isa = PBXFileReference; explicitFileType = wrapper.cfbundle; includeInIndex = 0; path = QXScrollTableViewTests.xctest; sourceTree = BUILT_PRODUCTS_DIR; };
		7E19B80C1FBA09E000BB319C /* QXScrollTableViewTests.m */ = {isa = PBXFileReference; lastKnownFileType = sourcecode.c.objc; path = QXScrollTableViewTests.m; sourceTree = "<group>"; };
		7E19B80E1FBA09E000BB319C /* Info.plist */ = {isa = PBXFileReference; lastKnownFileType = text.plist.xml; path = Info.plist; sourceTree = "<group>"; };
		7E19B8131FBA09E000BB319C /* QXScrollTableViewUITests.xctest */ = {isa = PBXFileReference; explicitFileType = wrapper.cfbundle; includeInIndex = 0; path = QXScrollTableViewUITests.xctest; sourceTree = BUILT_PRODUCTS_DIR; };
		7E19B8171FBA09E000BB319C /* QXScrollTableViewUITests.m */ = {isa = PBXFileReference; lastKnownFileType = sourcecode.c.objc; path = QXScrollTableViewUITests.m; sourceTree = "<group>"; };
		7E19B8191FBA09E000BB319C /* Info.plist */ = {isa = PBXFileReference; lastKnownFileType = text.plist.xml; path = Info.plist; sourceTree = "<group>"; };
		7E19B8251FBA0B3200BB319C /* QXScrollTableViewPrefixHeader.pch */ = {isa = PBXFileReference; lastKnownFileType = sourcecode.c.h; path = QXScrollTableViewPrefixHeader.pch; sourceTree = "<group>"; };
		7E19B8261FBA0DD200BB319C /* BaseTableViewCell.h */ = {isa = PBXFileReference; fileEncoding = 4; lastKnownFileType = sourcecode.c.h; path = BaseTableViewCell.h; sourceTree = "<group>"; };
		7E19B8271FBA0DD200BB319C /* BaseTableViewCell.m */ = {isa = PBXFileReference; fileEncoding = 4; lastKnownFileType = sourcecode.c.objc; path = BaseTableViewCell.m; sourceTree = "<group>"; };
		7E19B8291FBA0E6100BB319C /* QXScrollView.h */ = {isa = PBXFileReference; fileEncoding = 4; lastKnownFileType = sourcecode.c.h; path = QXScrollView.h; sourceTree = "<group>"; };
		7E19B82A1FBA0E6100BB319C /* QXScrollView.m */ = {isa = PBXFileReference; fileEncoding = 4; lastKnownFileType = sourcecode.c.objc; path = QXScrollView.m; sourceTree = "<group>"; };
		7E19B82C1FBA0EC000BB319C /* QXScrollViewCell.h */ = {isa = PBXFileReference; fileEncoding = 4; lastKnownFileType = sourcecode.c.h; path = QXScrollViewCell.h; sourceTree = "<group>"; };
		7E19B82D1FBA0EC000BB319C /* QXScrollViewCell.m */ = {isa = PBXFileReference; fileEncoding = 4; lastKnownFileType = sourcecode.c.objc; path = QXScrollViewCell.m; sourceTree = "<group>"; };
		7E19B82F1FBA0ECC00BB319C /* QXScrollViewCell.xib */ = {isa = PBXFileReference; fileEncoding = 4; lastKnownFileType = file.xib; path = QXScrollViewCell.xib; sourceTree = "<group>"; };
		863C4D9018A91C615AF4ED44 /* Pods-QXScrollTableView.release.xcconfig */ = {isa = PBXFileReference; includeInIndex = 1; lastKnownFileType = text.xcconfig; name = "Pods-QXScrollTableView.release.xcconfig"; path = "Pods/Target Support Files/Pods-QXScrollTableView/Pods-QXScrollTableView.release.xcconfig"; sourceTree = "<group>"; };
		C6E310101FC04A340099D910 /* TableHeaderView.xib */ = {isa = PBXFileReference; lastKnownFileType = file.xib; path = TableHeaderView.xib; sourceTree = "<group>"; };
		C6E310121FC04A990099D910 /* TableHeaderView.h */ = {isa = PBXFileReference; lastKnownFileType = sourcecode.c.h; path = TableHeaderView.h; sourceTree = "<group>"; };
		C6E310131FC04A990099D910 /* TableHeaderView.m */ = {isa = PBXFileReference; lastKnownFileType = sourcecode.c.objc; path = TableHeaderView.m; sourceTree = "<group>"; };
/* End PBXFileReference section */

/* Begin PBXFrameworksBuildPhase section */
		7E19B7EC1FBA09E000BB319C /* Frameworks */ = {
			isa = PBXFrameworksBuildPhase;
			buildActionMask = 2147483647;
			files = (
				966A907EAA4F694E84F9C917 /* libPods-QXScrollTableView.a in Frameworks */,
			);
			runOnlyForDeploymentPostprocessing = 0;
		};
		7E19B8051FBA09E000BB319C /* Frameworks */ = {
			isa = PBXFrameworksBuildPhase;
			buildActionMask = 2147483647;
			files = (
			);
			runOnlyForDeploymentPostprocessing = 0;
		};
		7E19B8101FBA09E000BB319C /* Frameworks */ = {
			isa = PBXFrameworksBuildPhase;
			buildActionMask = 2147483647;
			files = (
			);
			runOnlyForDeploymentPostprocessing = 0;
		};
/* End PBXFrameworksBuildPhase section */

/* Begin PBXGroup section */
		67114252B6362687FE77F999 /* Pods */ = {
			isa = PBXGroup;
			children = (
				71A2D129A4059FE9073675B6 /* Pods-QXScrollTableView.debug.xcconfig */,
				863C4D9018A91C615AF4ED44 /* Pods-QXScrollTableView.release.xcconfig */,
			);
			name = Pods;
			sourceTree = "<group>";
		};
		7E19B7E61FBA09E000BB319C = {
			isa = PBXGroup;
			children = (
				7E19B7F11FBA09E000BB319C /* QXScrollTableView */,
				7E19B80B1FBA09E000BB319C /* QXScrollTableViewTests */,
				7E19B8161FBA09E000BB319C /* QXScrollTableViewUITests */,
				7E19B7F01FBA09E000BB319C /* Products */,
				67114252B6362687FE77F999 /* Pods */,
				FC5553766065397EF658B197 /* Frameworks */,
			);
			sourceTree = "<group>";
		};
		7E19B7F01FBA09E000BB319C /* Products */ = {
			isa = PBXGroup;
			children = (
				7E19B7EF1FBA09E000BB319C /* QXScrollTableView.app */,
				7E19B8081FBA09E000BB319C /* QXScrollTableViewTests.xctest */,
				7E19B8131FBA09E000BB319C /* QXScrollTableViewUITests.xctest */,
			);
			name = Products;
			sourceTree = "<group>";
		};
		7E19B7F11FBA09E000BB319C /* QXScrollTableView */ = {
			isa = PBXGroup;
			children = (
				7E19B7F51FBA09E000BB319C /* AppDelegate.h */,
				7E19B7F61FBA09E000BB319C /* AppDelegate.m */,
				7E19B7F81FBA09E000BB319C /* ViewController.h */,
				7E19B7F91FBA09E000BB319C /* ViewController.m */,
				7E19B8261FBA0DD200BB319C /* BaseTableViewCell.h */,
				7E19B8271FBA0DD200BB319C /* BaseTableViewCell.m */,
				7E19B8291FBA0E6100BB319C /* QXScrollView.h */,
				7E19B82A1FBA0E6100BB319C /* QXScrollView.m */,
				7E19B82C1FBA0EC000BB319C /* QXScrollViewCell.h */,
				7E19B82D1FBA0EC000BB319C /* QXScrollViewCell.m */,
				7E19B82F1FBA0ECC00BB319C /* QXScrollViewCell.xib */,
				C6E310101FC04A340099D910 /* TableHeaderView.xib */,
				C6E310121FC04A990099D910 /* TableHeaderView.h */,
				C6E310131FC04A990099D910 /* TableHeaderView.m */,
				7E19B8251FBA0B3200BB319C /* QXScrollTableViewPrefixHeader.pch */,
				7E19B7FB1FBA09E000BB319C /* Main.storyboard */,
				7E19B7FE1FBA09E000BB319C /* Assets.xcassets */,
				7E19B8001FBA09E000BB319C /* LaunchScreen.storyboard */,
				7E19B8031FBA09E000BB319C /* Info.plist */,
				7E19B7F21FBA09E000BB319C /* Supporting Files */,
			);
			path = QXScrollTableView;
			sourceTree = "<group>";
		};
		7E19B7F21FBA09E000BB319C /* Supporting Files */ = {
			isa = PBXGroup;
			children = (
				7E19B7F31FBA09E000BB319C /* main.m */,
			);
			name = "Supporting Files";
			sourceTree = "<group>";
		};
		7E19B80B1FBA09E000BB319C /* QXScrollTableViewTests */ = {
			isa = PBXGroup;
			children = (
				7E19B80C1FBA09E000BB319C /* QXScrollTableViewTests.m */,
				7E19B80E1FBA09E000BB319C /* Info.plist */,
			);
			path = QXScrollTableViewTests;
			sourceTree = "<group>";
		};
		7E19B8161FBA09E000BB319C /* QXScrollTableViewUITests */ = {
			isa = PBXGroup;
			children = (
				7E19B8171FBA09E000BB319C /* QXScrollTableViewUITests.m */,
				7E19B8191FBA09E000BB319C /* Info.plist */,
			);
			path = QXScrollTableViewUITests;
			sourceTree = "<group>";
		};
		FC5553766065397EF658B197 /* Frameworks */ = {
			isa = PBXGroup;
			children = (
				48F40C5F2DBA3311A2B9ACFB /* libPods-QXScrollTableView.a */,
			);
			name = Frameworks;
			sourceTree = "<group>";
		};
/* End PBXGroup section */

/* Begin PBXNativeTarget section */
		7E19B7EE1FBA09E000BB319C /* QXScrollTableView */ = {
			isa = PBXNativeTarget;
			buildConfigurationList = 7E19B81C1FBA09E000BB319C /* Build configuration list for PBXNativeTarget "QXScrollTableView" */;
			buildPhases = (
				7C5F096903723E1739B2F2CE /* [CP] Check Pods Manifest.lock */,
				7E19B7EB1FBA09E000BB319C /* Sources */,
				7E19B7EC1FBA09E000BB319C /* Frameworks */,
				7E19B7ED1FBA09E000BB319C /* Resources */,
				95122779CC29DE83F346C7F3 /* [CP] Embed Pods Frameworks */,
				40DF0A41C4144CD6B81773C3 /* [CP] Copy Pods Resources */,
			);
			buildRules = (
			);
			dependencies = (
			);
			name = QXScrollTableView;
			productName = QXScrollTableView;
			productReference = 7E19B7EF1FBA09E000BB319C /* QXScrollTableView.app */;
			productType = "com.apple.product-type.application";
		};
		7E19B8071FBA09E000BB319C /* QXScrollTableViewTests */ = {
			isa = PBXNativeTarget;
			buildConfigurationList = 7E19B81F1FBA09E000BB319C /* Build configuration list for PBXNativeTarget "QXScrollTableViewTests" */;
			buildPhases = (
				7E19B8041FBA09E000BB319C /* Sources */,
				7E19B8051FBA09E000BB319C /* Frameworks */,
				7E19B8061FBA09E000BB319C /* Resources */,
			);
			buildRules = (
			);
			dependencies = (
				7E19B80A1FBA09E000BB319C /* PBXTargetDependency */,
			);
			name = QXScrollTableViewTests;
			productName = QXScrollTableViewTests;
			productReference = 7E19B8081FBA09E000BB319C /* QXScrollTableViewTests.xctest */;
			productType = "com.apple.product-type.bundle.unit-test";
		};
		7E19B8121FBA09E000BB319C /* QXScrollTableViewUITests */ = {
			isa = PBXNativeTarget;
			buildConfigurationList = 7E19B8221FBA09E000BB319C /* Build configuration list for PBXNativeTarget "QXScrollTableViewUITests" */;
			buildPhases = (
				7E19B80F1FBA09E000BB319C /* Sources */,
				7E19B8101FBA09E000BB319C /* Frameworks */,
				7E19B8111FBA09E000BB319C /* Resources */,
			);
			buildRules = (
			);
			dependencies = (
				7E19B8151FBA09E000BB319C /* PBXTargetDependency */,
			);
			name = QXScrollTableViewUITests;
			productName = QXScrollTableViewUITests;
			productReference = 7E19B8131FBA09E000BB319C /* QXScrollTableViewUITests.xctest */;
			productType = "com.apple.product-type.bundle.ui-testing";
		};
/* End PBXNativeTarget section */

/* Begin PBXProject section */
		7E19B7E71FBA09E000BB319C /* Project object */ = {
			isa = PBXProject;
			attributes = {
				LastUpgradeCheck = 0820;
				ORGANIZATIONNAME = qingxue;
				TargetAttributes = {
					7E19B7EE1FBA09E000BB319C = {
						CreatedOnToolsVersion = 8.2.1;
						DevelopmentTeam = G2A2YS256U;
						ProvisioningStyle = Automatic;
					};
					7E19B8071FBA09E000BB319C = {
						CreatedOnToolsVersion = 8.2.1;
						ProvisioningStyle = Automatic;
						TestTargetID = 7E19B7EE1FBA09E000BB319C;
					};
					7E19B8121FBA09E000BB319C = {
						CreatedOnToolsVersion = 8.2.1;
						ProvisioningStyle = Automatic;
						TestTargetID = 7E19B7EE1FBA09E000BB319C;
					};
				};
			};
			buildConfigurationList = 7E19B7EA1FBA09E000BB319C /* Build configuration list for PBXProject "QXScrollTableView" */;
			compatibilityVersion = "Xcode 3.2";
			developmentRegion = English;
			hasScannedForEncodings = 0;
			knownRegions = (
				en,
				Base,
			);
			mainGroup = 7E19B7E61FBA09E000BB319C;
			productRefGroup = 7E19B7F01FBA09E000BB319C /* Products */;
			projectDirPath = "";
			projectRoot = "";
			targets = (
				7E19B7EE1FBA09E000BB319C /* QXScrollTableView */,
				7E19B8071FBA09E000BB319C /* QXScrollTableViewTests */,
				7E19B8121FBA09E000BB319C /* QXScrollTableViewUITests */,
			);
		};
/* End PBXProject section */

/* Begin PBXResourcesBuildPhase section */
		7E19B7ED1FBA09E000BB319C /* Resources */ = {
			isa = PBXResourcesBuildPhase;
			buildActionMask = 2147483647;
			files = (
				7E19B8301FBA0ECC00BB319C /* QXScrollViewCell.xib in Resources */,
				7E19B8021FBA09E000BB319C /* LaunchScreen.storyboard in Resources */,
				7E19B7FF1FBA09E000BB319C /* Assets.xcassets in Resources */,
				C6E310111FC04A340099D910 /* TableHeaderView.xib in Resources */,
				7E19B7FD1FBA09E000BB319C /* Main.storyboard in Resources */,
			);
			runOnlyForDeploymentPostprocessing = 0;
		};
		7E19B8061FBA09E000BB319C /* Resources */ = {
			isa = PBXResourcesBuildPhase;
			buildActionMask = 2147483647;
			files = (
			);
			runOnlyForDeploymentPostprocessing = 0;
		};
		7E19B8111FBA09E000BB319C /* Resources */ = {
			isa = PBXResourcesBuildPhase;
			buildActionMask = 2147483647;
			files = (
			);
			runOnlyForDeploymentPostprocessing = 0;
		};
/* End PBXResourcesBuildPhase section */

/* Begin PBXShellScriptBuildPhase section */
		40DF0A41C4144CD6B81773C3 /* [CP] Copy Pods Resources */ = {
			isa = PBXShellScriptBuildPhase;
			buildActionMask = 2147483647;
			files = (
			);
			inputPaths = (
				"${SRCROOT}/Pods/Target Support Files/Pods-QXScrollTableView/Pods-QXScrollTableView-resources.sh",
				"${PODS_ROOT}/MJRefresh/MJRefresh/MJRefresh.bundle",
			);
			name = "[CP] Copy Pods Resources";
			outputPaths = (
				"${TARGET_BUILD_DIR}/${UNLOCALIZED_RESOURCES_FOLDER_PATH}",
			);
			runOnlyForDeploymentPostprocessing = 0;
			shellPath = /bin/sh;
			shellScript = "\"${SRCROOT}/Pods/Target Support Files/Pods-QXScrollTableView/Pods-QXScrollTableView-resources.sh\"\n";
			showEnvVarsInLog = 0;
		};
		7C5F096903723E1739B2F2CE /* [CP] Check Pods Manifest.lock */ = {
			isa = PBXShellScriptBuildPhase;
			buildActionMask = 2147483647;
			files = (
			);
			inputPaths = (
				"${PODS_PODFILE_DIR_PATH}/Podfile.lock",
				"${PODS_ROOT}/Manifest.lock",
			);
			name = "[CP] Check Pods Manifest.lock";
			outputPaths = (
				"$(DERIVED_FILE_DIR)/Pods-QXScrollTableView-checkManifestLockResult.txt",
			);
			runOnlyForDeploymentPostprocessing = 0;
			shellPath = /bin/sh;
			shellScript = "diff \"${PODS_PODFILE_DIR_PATH}/Podfile.lock\" \"${PODS_ROOT}/Manifest.lock\" > /dev/null\nif [ $? != 0 ] ; then\n    # print error to STDERR\n    echo \"error: The sandbox is not in sync with the Podfile.lock. Run 'pod install' or update your CocoaPods installation.\" >&2\n    exit 1\nfi\n# This output is used by Xcode 'outputs' to avoid re-running this script phase.\necho \"SUCCESS\" > \"${SCRIPT_OUTPUT_FILE_0}\"\n";
			showEnvVarsInLog = 0;
		};
		95122779CC29DE83F346C7F3 /* [CP] Embed Pods Frameworks */ = {
			isa = PBXShellScriptBuildPhase;
			buildActionMask = 2147483647;
			files = (
			);
			inputPaths = (
			);
			name = "[CP] Embed Pods Frameworks";
			outputPaths = (
			);
			runOnlyForDeploymentPostprocessing = 0;
			shellPath = /bin/sh;
			shellScript = "\"${SRCROOT}/Pods/Target Support Files/Pods-QXScrollTableView/Pods-QXScrollTableView-frameworks.sh\"\n";
			showEnvVarsInLog = 0;
		};
/* End PBXShellScriptBuildPhase section */

/* Begin PBXSourcesBuildPhase section */
		7E19B7EB1FBA09E000BB319C /* Sources */ = {
			isa = PBXSourcesBuildPhase;
			buildActionMask = 2147483647;
			files = (
				7E19B8281FBA0DD200BB319C /* BaseTableViewCell.m in Sources */,
				C6E310141FC04A990099D910 /* TableHeaderView.m in Sources */,
				7E19B82B1FBA0E6100BB319C /* QXScrollView.m in Sources */,
				7E19B82E1FBA0EC000BB319C /* QXScrollViewCell.m in Sources */,
				7E19B7FA1FBA09E000BB319C /* ViewController.m in Sources */,
				7E19B7F71FBA09E000BB319C /* AppDelegate.m in Sources */,
				7E19B7F41FBA09E000BB319C /* main.m in Sources */,
			);
			runOnlyForDeploymentPostprocessing = 0;
		};
		7E19B8041FBA09E000BB319C /* Sources */ = {
			isa = PBXSourcesBuildPhase;
			buildActionMask = 2147483647;
			files = (
				7E19B80D1FBA09E000BB319C /* QXScrollTableViewTests.m in Sources */,
			);
			runOnlyForDeploymentPostprocessing = 0;
		};
		7E19B80F1FBA09E000BB319C /* Sources */ = {
			isa = PBXSourcesBuildPhase;
			buildActionMask = 2147483647;
			files = (
				7E19B8181FBA09E000BB319C /* QXScrollTableViewUITests.m in Sources */,
			);
			runOnlyForDeploymentPostprocessing = 0;
		};
/* End PBXSourcesBuildPhase section */

/* Begin PBXTargetDependency section */
		7E19B80A1FBA09E000BB319C /* PBXTargetDependency */ = {
			isa = PBXTargetDependency;
			target = 7E19B7EE1FBA09E000BB319C /* QXScrollTableView */;
			targetProxy = 7E19B8091FBA09E000BB319C /* PBXContainerItemProxy */;
		};
		7E19B8151FBA09E000BB319C /* PBXTargetDependency */ = {
			isa = PBXTargetDependency;
			target = 7E19B7EE1FBA09E000BB319C /* QXScrollTableView */;
			targetProxy = 7E19B8141FBA09E000BB319C /* PBXContainerItemProxy */;
		};
/* End PBXTargetDependency section */

/* Begin PBXVariantGroup section */
		7E19B7FB1FBA09E000BB319C /* Main.storyboard */ = {
			isa = PBXVariantGroup;
			children = (
				7E19B7FC1FBA09E000BB319C /* Base */,
			);
			name = Main.storyboard;
			sourceTree = "<group>";
		};
		7E19B8001FBA09E000BB319C /* LaunchScreen.storyboard */ = {
			isa = PBXVariantGroup;
			children = (
				7E19B8011FBA09E000BB319C /* Base */,
			);
			name = LaunchScreen.storyboard;
			sourceTree = "<group>";
		};
/* End PBXVariantGroup section */

/* Begin XCBuildConfiguration section */
		7E19B81A1FBA09E000BB319C /* Debug */ = {
			isa = XCBuildConfiguration;
			buildSettings = {
				ALWAYS_SEARCH_USER_PATHS = NO;
				CLANG_ANALYZER_NONNULL = YES;
				CLANG_CXX_LANGUAGE_STANDARD = "gnu++0x";
				CLANG_CXX_LIBRARY = "libc++";
				CLANG_ENABLE_MODULES = YES;
				CLANG_ENABLE_OBJC_ARC = YES;
				CLANG_WARN_BOOL_CONVERSION = YES;
				CLANG_WARN_CONSTANT_CONVERSION = YES;
				CLANG_WARN_DIRECT_OBJC_ISA_USAGE = YES_ERROR;
				CLANG_WARN_DOCUMENTATION_COMMENTS = YES;
				CLANG_WARN_EMPTY_BODY = YES;
				CLANG_WARN_ENUM_CONVERSION = YES;
				CLANG_WARN_INFINITE_RECURSION = YES;
				CLANG_WARN_INT_CONVERSION = YES;
				CLANG_WARN_OBJC_ROOT_CLASS = YES_ERROR;
				CLANG_WARN_SUSPICIOUS_MOVE = YES;
				CLANG_WARN_UNREACHABLE_CODE = YES;
				CLANG_WARN__DUPLICATE_METHOD_MATCH = YES;
				"CODE_SIGN_IDENTITY[sdk=iphoneos*]" = "iPhone Developer";
				COPY_PHASE_STRIP = NO;
				DEBUG_INFORMATION_FORMAT = dwarf;
				ENABLE_STRICT_OBJC_MSGSEND = YES;
				ENABLE_TESTABILITY = YES;
				GCC_C_LANGUAGE_STANDARD = gnu99;
				GCC_DYNAMIC_NO_PIC = NO;
				GCC_NO_COMMON_BLOCKS = YES;
				GCC_OPTIMIZATION_LEVEL = 0;
				GCC_PREPROCESSOR_DEFINITIONS = (
					"DEBUG=1",
					"$(inherited)",
				);
				GCC_WARN_64_TO_32_BIT_CONVERSION = YES;
				GCC_WARN_ABOUT_RETURN_TYPE = YES_ERROR;
				GCC_WARN_UNDECLARED_SELECTOR = YES;
				GCC_WARN_UNINITIALIZED_AUTOS = YES_AGGRESSIVE;
				GCC_WARN_UNUSED_FUNCTION = YES;
				GCC_WARN_UNUSED_VARIABLE = YES;
				IPHONEOS_DEPLOYMENT_TARGET = 10.2;
				MTL_ENABLE_DEBUG_INFO = YES;
				ONLY_ACTIVE_ARCH = YES;
				SDKROOT = iphoneos;
			};
			name = Debug;
		};
		7E19B81B1FBA09E000BB319C /* Release */ = {
			isa = XCBuildConfiguration;
			buildSettings = {
				ALWAYS_SEARCH_USER_PATHS = NO;
				CLANG_ANALYZER_NONNULL = YES;
				CLANG_CXX_LANGUAGE_STANDARD = "gnu++0x";
				CLANG_CXX_LIBRARY = "libc++";
				CLANG_ENABLE_MODULES = YES;
				CLANG_ENABLE_OBJC_ARC = YES;
				CLANG_WARN_BOOL_CONVERSION = YES;
				CLANG_WARN_CONSTANT_CONVERSION = YES;
				CLANG_WARN_DIRECT_OBJC_ISA_USAGE = YES_ERROR;
				CLANG_WARN_DOCUMENTATION_COMMENTS = YES;
				CLANG_WARN_EMPTY_BODY = YES;
				CLANG_WARN_ENUM_CONVERSION = YES;
				CLANG_WARN_INFINITE_RECURSION = YES;
				CLANG_WARN_INT_CONVERSION = YES;
				CLANG_WARN_OBJC_ROOT_CLASS = YES_ERROR;
				CLANG_WARN_SUSPICIOUS_MOVE = YES;
				CLANG_WARN_UNREACHABLE_CODE = YES;
				CLANG_WARN__DUPLICATE_METHOD_MATCH = YES;
				"CODE_SIGN_IDENTITY[sdk=iphoneos*]" = "iPhone Developer";
				COPY_PHASE_STRIP = NO;
				DEBUG_INFORMATION_FORMAT = "dwarf-with-dsym";
				ENABLE_NS_ASSERTIONS = NO;
				ENABLE_STRICT_OBJC_MSGSEND = YES;
				GCC_C_LANGUAGE_STANDARD = gnu99;
				GCC_NO_COMMON_BLOCKS = YES;
				GCC_WARN_64_TO_32_BIT_CONVERSION = YES;
				GCC_WARN_ABOUT_RETURN_TYPE = YES_ERROR;
				GCC_WARN_UNDECLARED_SELECTOR = YES;
				GCC_WARN_UNINITIALIZED_AUTOS = YES_AGGRESSIVE;
				GCC_WARN_UNUSED_FUNCTION = YES;
				GCC_WARN_UNUSED_VARIABLE = YES;
				IPHONEOS_DEPLOYMENT_TARGET = 10.2;
				MTL_ENABLE_DEBUG_INFO = NO;
				SDKROOT = iphoneos;
				VALIDATE_PRODUCT = YES;
			};
			name = Release;
		};
		7E19B81D1FBA09E000BB319C /* Debug */ = {
			isa = XCBuildConfiguration;
			baseConfigurationReference = 71A2D129A4059FE9073675B6 /* Pods-QXScrollTableView.debug.xcconfig */;
			buildSettings = {
				ASSETCATALOG_COMPILER_APPICON_NAME = AppIcon;
				DEVELOPMENT_TEAM = G2A2YS256U;
				GCC_PREFIX_HEADER = QXScrollTableView/QXScrollTableViewPrefixHeader.pch;
				INFOPLIST_FILE = QXScrollTableView/Info.plist;
				IPHONEOS_DEPLOYMENT_TARGET = 9.0;
				LD_RUNPATH_SEARCH_PATHS = "$(inherited) @executable_path/Frameworks";
				PRODUCT_BUNDLE_IDENTIFIER = com.yskj.www.QXScrollTableView;
				PRODUCT_NAME = "$(TARGET_NAME)";
			};
			name = Debug;
		};
		7E19B81E1FBA09E000BB319C /* Release */ = {
			isa = XCBuildConfiguration;
			baseConfigurationReference = 863C4D9018A91C615AF4ED44 /* Pods-QXScrollTableView.release.xcconfig */;
			buildSettings = {
				ASSETCATALOG_COMPILER_APPICON_NAME = AppIcon;
				DEVELOPMENT_TEAM = G2A2YS256U;
				GCC_PREFIX_HEADER = QXScrollTableView/QXScrollTableViewPrefixHeader.pch;
				INFOPLIST_FILE = QXScrollTableView/Info.plist;
				IPHONEOS_DEPLOYMENT_TARGET = 9.0;
				LD_RUNPATH_SEARCH_PATHS = "$(inherited) @executable_path/Frameworks";
				PRODUCT_BUNDLE_IDENTIFIER = com.yskj.www.QXScrollTableView;
				PRODUCT_NAME = "$(TARGET_NAME)";
			};
			name = Release;
		};
		7E19B8201FBA09E000BB319C /* Debug */ = {
			isa = XCBuildConfiguration;
			buildSettings = {
				BUNDLE_LOADER = "$(TEST_HOST)";
				INFOPLIST_FILE = QXScrollTableViewTests/Info.plist;
				LD_RUNPATH_SEARCH_PATHS = "$(inherited) @executable_path/Frameworks @loader_path/Frameworks";
				PRODUCT_BUNDLE_IDENTIFIER = com.yskj.www.QXScrollTableViewTests;
				PRODUCT_NAME = "$(TARGET_NAME)";
				TEST_HOST = "$(BUILT_PRODUCTS_DIR)/QXScrollTableView.app/QXScrollTableView";
			};
			name = Debug;
		};
		7E19B8211FBA09E000BB319C /* Release */ = {
			isa = XCBuildConfiguration;
			buildSettings = {
				BUNDLE_LOADER = "$(TEST_HOST)";
				INFOPLIST_FILE = QXScrollTableViewTests/Info.plist;
				LD_RUNPATH_SEARCH_PATHS = "$(inherited) @executable_path/Frameworks @loader_path/Frameworks";
				PRODUCT_BUNDLE_IDENTIFIER = com.yskj.www.QXScrollTableViewTests;
				PRODUCT_NAME = "$(TARGET_NAME)";
				TEST_HOST = "$(BUILT_PRODUCTS_DIR)/QXScrollTableView.app/QXScrollTableView";
			};
			name = Release;
		};
		7E19B8231FBA09E000BB319C /* Debug */ = {
			isa = XCBuildConfiguration;
			buildSettings = {
				INFOPLIST_FILE = QXScrollTableViewUITests/Info.plist;
				LD_RUNPATH_SEARCH_PATHS = "$(inherited) @executable_path/Frameworks @loader_path/Frameworks";
				PRODUCT_BUNDLE_IDENTIFIER = com.yskj.www.QXScrollTableViewUITests;
				PRODUCT_NAME = "$(TARGET_NAME)";
				TEST_TARGET_NAME = QXScrollTableView;
			};
			name = Debug;
		};
		7E19B8241FBA09E000BB319C /* Release */ = {
			isa = XCBuildConfiguration;
			buildSettings = {
				INFOPLIST_FILE = QXScrollTableViewUITests/Info.plist;
				LD_RUNPATH_SEARCH_PATHS = "$(inherited) @executable_path/Frameworks @loader_path/Frameworks";
				PRODUCT_BUNDLE_IDENTIFIER = com.yskj.www.QXScrollTableViewUITests;
				PRODUCT_NAME = "$(TARGET_NAME)";
				TEST_TARGET_NAME = QXScrollTableView;
			};
			name = Release;
		};
/* End XCBuildConfiguration section */

/* Begin XCConfigurationList section */
		7E19B7EA1FBA09E000BB319C /* Build configuration list for PBXProject "QXScrollTableView" */ = {
			isa = XCConfigurationList;
			buildConfigurations = (
				7E19B81A1FBA09E000BB319C /* Debug */,
				7E19B81B1FBA09E000BB319C /* Release */,
			);
			defaultConfigurationIsVisible = 0;
			defaultConfigurationName = Release;
		};
		7E19B81C1FBA09E000BB319C /* Build configuration list for PBXNativeTarget "QXScrollTableView" */ = {
			isa = XCConfigurationList;
			buildConfigurations = (
				7E19B81D1FBA09E000BB319C /* Debug */,
				7E19B81E1FBA09E000BB319C /* Release */,
			);
			defaultConfigurationIsVisible = 0;
			defaultConfigurationName = Release;
		};
		7E19B81F1FBA09E000BB319C /* Build configuration list for PBXNativeTarget "QXScrollTableViewTests" */ = {
			isa = XCConfigurationList;
			buildConfigurations = (
				7E19B8201FBA09E000BB319C /* Debug */,
				7E19B8211FBA09E000BB319C /* Release */,
			);
			defaultConfigurationIsVisible = 0;
			defaultConfigurationName = Release;
		};
		7E19B8221FBA09E000BB319C /* Build configuration list for PBXNativeTarget "QXScrollTableViewUITests" */ = {
			isa = XCConfigurationList;
			buildConfigurations = (
				7E19B8231FBA09E000BB319C /* Debug */,
				7E19B8241FBA09E000BB319C /* Release */,
			);
			defaultConfigurationIsVisible = 0;
			defaultConfigurationName = Release;
		};
/* End XCConfigurationList section */
	};
	rootObject = 7E19B7E71FBA09E000BB319C /* Project object */;
}
